
Microsoft Visual Studio Solution File, Format Version 12.00
# Visual Studio Version 17
VisualStudioVersion = 17.0.31919.166
MinimumVisualStudioVersion = 10.0.40219.1
Project("{9A19103F-16F7-4668-BE54-9A1E7A4F7556}") = "Business", "Business\Business.csproj", "{445E7E4B-53A3-48D4-A9C2-E23C79825618}"
EndProject
Project("{9A19103F-16F7-4668-BE54-9A1E7A4F7556}") = "Business.Contract", "Business.Contract\Business.Contract.csproj", "{831F8A18-0A31-4563-BC39-079C305196E1}"
EndProject
Project("{9A19103F-16F7-4668-BE54-9A1E7A4F7556}") = "Data", "Data\Data.csproj", "{4540F6F6-92DD-45D8-8877-576A44646170}"
EndProject
Project("{9A19103F-16F7-4668-BE54-9A1E7A4F7556}") = "Data.Contract", "Data.Contract\Data.Contract.csproj", "{5EBAF8AF-4B42-4EB4-A546-0EE2CF3B7C45}"
EndProject
Project("{9A19103F-16F7-4668-BE54-9A1E7A4F7556}") = "Domain", "Domain\Domain.csproj", "{7C228A67-BB6C-478C-B3D9-43A81DA5261D}"
EndProject
Project("{9A19103F-16F7-4668-BE54-9A1E7A4F7556}") = "Data.Identity", "Data.Identity\Data.Identity.csproj", "{679022A2-0B9F-428C-A60B-F16029B87B9D}"
EndProject
Project("{9A19103F-16F7-4668-BE54-9A1E7A4F7556}") = "WebAPI", "WebAPI\WebAPI.csproj", "{AB619B40-F9D4-4F87-BC48-73EDD48049E4}"
EndProject
Project("{9A19103F-16F7-4668-BE54-9A1E7A4F7556}") = "Business.Tests", "Business.Tests\Business.Tests.csproj", "{937A89E8-1CAA-4EA9-A8EB-3F417B899DA2}"
EndProject
Project("{FAE04EC0-301F-11D3-BF4B-00C04F79EFBC}") = "AuthorizationTests", "AuthorizationTests\AuthorizationTests.csproj", "{D2C8BD21-2EEF-4CAE-A416-7FF2CF191B14}"
EndProject
Global
	GlobalSection(SolutionConfigurationPlatforms) = preSolution
		Debug|Any CPU = Debug|Any CPU
		Release|Any CPU = Release|Any CPU
	EndGlobalSection
	GlobalSection(ProjectConfigurationPlatforms) = postSolution
		{445E7E4B-53A3-48D4-A9C2-E23C79825618}.Debug|Any CPU.ActiveCfg = Debug|Any CPU
		{445E7E4B-53A3-48D4-A9C2-E23C79825618}.Debug|Any CPU.Build.0 = Debug|Any CPU
		{445E7E4B-53A3-48D4-A9C2-E23C79825618}.Release|Any CPU.ActiveCfg = Release|Any CPU
		{445E7E4B-53A3-48D4-A9C2-E23C79825618}.Release|Any CPU.Build.0 = Release|Any CPU
		{831F8A18-0A31-4563-BC39-079C305196E1}.Debug|Any CPU.ActiveCfg = Debug|Any CPU
		{831F8A18-0A31-4563-BC39-079C305196E1}.Debug|Any CPU.Build.0 = Debug|Any CPU
		{831F8A18-0A31-4563-BC39-079C305196E1}.Release|Any CPU.ActiveCfg = Release|Any CPU
		{831F8A18-0A31-4563-BC39-079C305196E1}.Release|Any CPU.Build.0 = Release|Any CPU
		{4540F6F6-92DD-45D8-8877-576A44646170}.Debug|Any CPU.ActiveCfg = Debug|Any CPU
		{4540F6F6-92DD-45D8-8877-576A44646170}.Debug|Any CPU.Build.0 = Debug|Any CPU
		{4540F6F6-92DD-45D8-8877-576A44646170}.Release|Any CPU.ActiveCfg = Release|Any CPU
		{4540F6F6-92DD-45D8-8877-576A44646170}.Release|Any CPU.Build.0 = Release|Any CPU
		{5EBAF8AF-4B42-4EB4-A546-0EE2CF3B7C45}.Debug|Any CPU.ActiveCfg = Debug|Any CPU
		{5EBAF8AF-4B42-4EB4-A546-0EE2CF3B7C45}.Debug|Any CPU.Build.0 = Debug|Any CPU
		{5EBAF8AF-4B42-4EB4-A546-0EE2CF3B7C45}.Release|Any CPU.ActiveCfg = Release|Any CPU
		{5EBAF8AF-4B42-4EB4-A546-0EE2CF3B7C45}.Release|Any CPU.Build.0 = Release|Any CPU
		{7C228A67-BB6C-478C-B3D9-43A81DA5261D}.Debug|Any CPU.ActiveCfg = Debug|Any CPU
		{7C228A67-BB6C-478C-B3D9-43A81DA5261D}.Debug|Any CPU.Build.0 = Debug|Any CPU
		{7C228A67-BB6C-478C-B3D9-43A81DA5261D}.Release|Any CPU.ActiveCfg = Release|Any CPU
		{7C228A67-BB6C-478C-B3D9-43A81DA5261D}.Release|Any CPU.Build.0 = Release|Any CPU
		{679022A2-0B9F-428C-A60B-F16029B87B9D}.Debug|Any CPU.ActiveCfg = Debug|Any CPU
		{679022A2-0B9F-428C-A60B-F16029B87B9D}.Debug|Any CPU.Build.0 = Debug|Any CPU
		{679022A2-0B9F-428C-A60B-F16029B87B9D}.Release|Any CPU.ActiveCfg = Release|Any CPU
		{679022A2-0B9F-428C-A60B-F16029B87B9D}.Release|Any CPU.Build.0 = Release|Any CPU
		{AB619B40-F9D4-4F87-BC48-73EDD48049E4}.Debug|Any CPU.ActiveCfg = Debug|Any CPU
		{AB619B40-F9D4-4F87-BC48-73EDD48049E4}.Debug|Any CPU.Build.0 = Debug|Any CPU
		{AB619B40-F9D4-4F87-BC48-73EDD48049E4}.Release|Any CPU.ActiveCfg = Release|Any CPU
		{AB619B40-F9D4-4F87-BC48-73EDD48049E4}.Release|Any CPU.Build.0 = Release|Any CPU
		{937A89E8-1CAA-4EA9-A8EB-3F417B899DA2}.Debug|Any CPU.ActiveCfg = Debug|Any CPU
		{937A89E8-1CAA-4EA9-A8EB-3F417B899DA2}.Debug|Any CPU.Build.0 = Debug|Any CPU
		{937A89E8-1CAA-4EA9-A8EB-3F417B899DA2}.Release|Any CPU.ActiveCfg = Release|Any CPU
		{937A89E8-1CAA-4EA9-A8EB-3F417B899DA2}.Release|Any CPU.Build.0 = Release|Any CPU
		{D2C8BD21-2EEF-4CAE-A416-7FF2CF191B14}.Debug|Any CPU.ActiveCfg = Debug|Any CPU
		{D2C8BD21-2EEF-4CAE-A416-7FF2CF191B14}.Debug|Any CPU.Build.0 = Debug|Any CPU
		{D2C8BD21-2EEF-4CAE-A416-7FF2CF191B14}.Release|Any CPU.ActiveCfg = Release|Any CPU
		{D2C8BD21-2EEF-4CAE-A416-7FF2CF191B14}.Release|Any CPU.Build.0 = Release|Any CPU
	EndGlobalSection
	GlobalSection(SolutionProperties) = preSolution
		HideSolutionNode = FALSE
	EndGlobalSection
	GlobalSection(ExtensibilityGlobals) = postSolution
		SolutionGuid = {9BFCB589-1521-4DEC-B305-6FF3D3E07407}
	EndGlobalSection
EndGlobal
